
Microsoft Visual Studio Solution File, Format Version 12.00
# Visual Studio 15
VisualStudioVersion = 15.0.27130.2027
MinimumVisualStudioVersion = 10.0.40219.1
Project("{9A19103F-16F7-4668-BE54-9A1E7A4F7556}") = "promoterplus.serverless", "promoterplus.serverless\promoterplus.serverless.csproj", "{1F74F91D-880B-4428-8E85-4E71FCF2F115}"
EndProject
Global
	GlobalSection(SolutionConfigurationPlatforms) = preSolution
		Debug|Any CPU = Debug|Any CPU
		Release|Any CPU = Release|Any CPU
	EndGlobalSection
	GlobalSection(ProjectConfigurationPlatforms) = postSolution
		{1F74F91D-880B-4428-8E85-4E71FCF2F115}.Debug|Any CPU.ActiveCfg = Debug|Any CPU
		{1F74F91D-880B-4428-8E85-4E71FCF2F115}.Debug|Any CPU.Build.0 = Debug|Any CPU
		{1F74F91D-880B-4428-8E85-4E71FCF2F115}.Release|Any CPU.ActiveCfg = Release|Any CPU
		{1F74F91D-880B-4428-8E85-4E71FCF2F115}.Release|Any CPU.Build.0 = Release|Any CPU
	EndGlobalSection
	GlobalSection(SolutionProperties) = preSolution
		HideSolutionNode = FALSE
	EndGlobalSection
	GlobalSection(ExtensibilityGlobals) = postSolution
		SolutionGuid = {7738CDC3-8389-42E1-9966-52035DCA264C}
	EndGlobalSection
EndGlobal
